lockfileVersion: '6.0'

settings:
  autoInstallPeers: true
  excludeLinksFromLockfile: false

devDependencies:
  '@kikiutils/prettierrc':
    specifier: ^1.0.4
    version: 1.0.4
  '@kikiutils/tsconfigs':
    specifier: ^1.0.0
    version: 1.0.0

packages:

  /@kikiutils/prettierrc@1.0.4:
    resolution: {integrity: sha512-H25q/wBL5Kou3Cotrwuf6R7MyqgYNC0LEnqZvJ7y3a/hmc3SEDCJTu+J1vAtrYEQVRKVoCb/wIJEzUBEHh9WMQ==}
    dependencies:
      prettier: 3.0.3
    dev: true

  /@kikiutils/tsconfigs@1.0.0:
    resolution: {integrity: sha512-S0bAzfMWpolOI4iJuilvOzrQ4bBBppKNntaN6fj0BfjzRbt0m0BZQ2sl60ZAn15mT2lL7MekiEVHR/lSqFlyQw==}
    dev: true

  /prettier@3.0.3:
    resolution: {integrity: sha512-L/4pUDMxcNa8R/EthV08Zt42WBO4h1rarVtK0K+QJG0X187OLo7l699jWw0GKuwzkPQ//jMFA/8Xm6Fh3J/DAg==}
    engines: {node: '>=14'}
    hasBin: true
    dev: true
